
Microsoft Visual Studio Solution File, Format Version 12.00
# Visual Studio Version 16
VisualStudioVersion = 16.0.31424.327
MinimumVisualStudioVersion = 10.0.40219.1
Project("{FAE04EC0-301F-11D3-BF4B-00C04F79EFBC}") = "Task", "Task\Task.csproj", "{A38BEA48-1AB8-4AF9-B901-C7CBA8CF4553}"
EndProject
Global
	GlobalSection(SolutionConfigurationPlatforms) = preSolution
		Debug|Any CPU = Debug|Any CPU
		Release|Any CPU = Release|Any CPU
	EndGlobalSection
	GlobalSection(ProjectConfigurationPlatforms) = postSolution
		{A38BEA48-1AB8-4AF9-B901-C7CBA8CF4553}.Debug|Any CPU.ActiveCfg = Debug|Any CPU
		{A38BEA48-1AB8-4AF9-B901-C7CBA8CF4553}.Debug|Any CPU.Build.0 = Debug|Any CPU
		{A38BEA48-1AB8-4AF9-B901-C7CBA8CF4553}.Release|Any CPU.ActiveCfg = Release|Any CPU
		{A38BEA48-1AB8-4AF9-B901-C7CBA8CF4553}.Release|Any CPU.Build.0 = Release|Any CPU
	EndGlobalSection
	GlobalSection(SolutionProperties) = preSolution
		HideSolutionNode = FALSE
	EndGlobalSection
	GlobalSection(ExtensibilityGlobals) = postSolution
		SolutionGuid = {85055D65-DB32-4C07-9AD9-4104776E6694}
	EndGlobalSection
EndGlobal
